
Microsoft Visual Studio Solution File, Format Version 12.00
# Visual Studio 14
VisualStudioVersion = 14.0.25420.1
MinimumVisualStudioVersion = 10.0.40219.1
Project("{FAE04EC0-301F-11D3-BF4B-00C04F79EFBC}") = "LogText", "LogText\LogText.csproj", "{910CD451-2187-4816-8779-EC5D15C28B14}"
EndProject
Project("{FAE04EC0-301F-11D3-BF4B-00C04F79EFBC}") = "ConsoleApplication1", "ConsoleApplication1\ConsoleApplication1.csproj", "{AAB14345-980D-41B8-9883-76024F36FA76}"
EndProject
Global
	GlobalSection(SolutionConfigurationPlatforms) = preSolution
		Debug|Any CPU = Debug|Any CPU
		Release|Any CPU = Release|Any CPU
	EndGlobalSection
	GlobalSection(ProjectConfigurationPlatforms) = postSolution
		{910CD451-2187-4816-8779-EC5D15C28B14}.Debug|Any CPU.ActiveCfg = Debug|Any CPU
		{910CD451-2187-4816-8779-EC5D15C28B14}.Debug|Any CPU.Build.0 = Debug|Any CPU
		{910CD451-2187-4816-8779-EC5D15C28B14}.Release|Any CPU.ActiveCfg = Release|Any CPU
		{910CD451-2187-4816-8779-EC5D15C28B14}.Release|Any CPU.Build.0 = Release|Any CPU
		{AAB14345-980D-41B8-9883-76024F36FA76}.Debug|Any CPU.ActiveCfg = Debug|Any CPU
		{AAB14345-980D-41B8-9883-76024F36FA76}.Debug|Any CPU.Build.0 = Debug|Any CPU
		{AAB14345-980D-41B8-9883-76024F36FA76}.Release|Any CPU.ActiveCfg = Release|Any CPU
		{AAB14345-980D-41B8-9883-76024F36FA76}.Release|Any CPU.Build.0 = Release|Any CPU
	EndGlobalSection
	GlobalSection(SolutionProperties) = preSolution
		HideSolutionNode = FALSE
	EndGlobalSection
EndGlobal
