
Microsoft Visual Studio Solution File, Format Version 12.00
# Visual Studio 14
VisualStudioVersion = 14.0.25420.1
MinimumVisualStudioVersion = 10.0.40219.1
Project("{FAE04EC0-301F-11D3-BF4B-00C04F79EFBC}") = "ConsoleApplication2", "ConsoleApplication2\ConsoleApplication2.csproj", "{83373C20-47F7-454C-852C-A83F8BA69408}"
EndProject
Project("{FAE04EC0-301F-11D3-BF4B-00C04F79EFBC}") = "vector", "vector\vector.csproj", "{74CECC6C-6A63-46E8-BA9D-AE4F71BD52AC}"
EndProject
Project("{FAE04EC0-301F-11D3-BF4B-00C04F79EFBC}") = "WindowsFormsApplication1", "WindowsFormsApplication1\WindowsFormsApplication1.csproj", "{DC9356A0-A4D6-44B1-907F-03F93F04C6EA}"
EndProject
Global
	GlobalSection(SolutionConfigurationPlatforms) = preSolution
		Debug|Any CPU = Debug|Any CPU
		Release|Any CPU = Release|Any CPU
	EndGlobalSection
	GlobalSection(ProjectConfigurationPlatforms) = postSolution
		{83373C20-47F7-454C-852C-A83F8BA69408}.Debug|Any CPU.ActiveCfg = Debug|Any CPU
		{83373C20-47F7-454C-852C-A83F8BA69408}.Debug|Any CPU.Build.0 = Debug|Any CPU
		{83373C20-47F7-454C-852C-A83F8BA69408}.Release|Any CPU.ActiveCfg = Release|Any CPU
		{83373C20-47F7-454C-852C-A83F8BA69408}.Release|Any CPU.Build.0 = Release|Any CPU
		{74CECC6C-6A63-46E8-BA9D-AE4F71BD52AC}.Debug|Any CPU.ActiveCfg = Debug|Any CPU
		{74CECC6C-6A63-46E8-BA9D-AE4F71BD52AC}.Debug|Any CPU.Build.0 = Debug|Any CPU
		{74CECC6C-6A63-46E8-BA9D-AE4F71BD52AC}.Release|Any CPU.ActiveCfg = Release|Any CPU
		{74CECC6C-6A63-46E8-BA9D-AE4F71BD52AC}.Release|Any CPU.Build.0 = Release|Any CPU
		{DC9356A0-A4D6-44B1-907F-03F93F04C6EA}.Debug|Any CPU.ActiveCfg = Debug|Any CPU
		{DC9356A0-A4D6-44B1-907F-03F93F04C6EA}.Debug|Any CPU.Build.0 = Debug|Any CPU
		{DC9356A0-A4D6-44B1-907F-03F93F04C6EA}.Release|Any CPU.ActiveCfg = Release|Any CPU
		{DC9356A0-A4D6-44B1-907F-03F93F04C6EA}.Release|Any CPU.Build.0 = Release|Any CPU
	EndGlobalSection
	GlobalSection(SolutionProperties) = preSolution
		HideSolutionNode = FALSE
	EndGlobalSection
EndGlobal
