
Microsoft Visual Studio Solution File, Format Version 12.00
# Visual Studio 14
VisualStudioVersion = 14.0.23107.0
MinimumVisualStudioVersion = 10.0.40219.1
Project("{FAE04EC0-301F-11D3-BF4B-00C04F79EFBC}") = "XmlHander", "XmlHander\XmlHander.csproj", "{D7E636FA-38A3-4EB7-B137-CD689DA043B7}"
EndProject
Project("{FAE04EC0-301F-11D3-BF4B-00C04F79EFBC}") = "WindowsFormsApplication1", "WindowsFormsApplication1\WindowsFormsApplication1.csproj", "{3714FD7F-2B33-4280-A7C1-6926E6C594C2}"
EndProject
Global
	GlobalSection(SolutionConfigurationPlatforms) = preSolution
		Debug|Any CPU = Debug|Any CPU
		Release|Any CPU = Release|Any CPU
	EndGlobalSection
	GlobalSection(ProjectConfigurationPlatforms) = postSolution
		{D7E636FA-38A3-4EB7-B137-CD689DA043B7}.Debug|Any CPU.ActiveCfg = Debug|Any CPU
		{D7E636FA-38A3-4EB7-B137-CD689DA043B7}.Debug|Any CPU.Build.0 = Debug|Any CPU
		{D7E636FA-38A3-4EB7-B137-CD689DA043B7}.Release|Any CPU.ActiveCfg = Release|Any CPU
		{D7E636FA-38A3-4EB7-B137-CD689DA043B7}.Release|Any CPU.Build.0 = Release|Any CPU
		{3714FD7F-2B33-4280-A7C1-6926E6C594C2}.Debug|Any CPU.ActiveCfg = Debug|Any CPU
		{3714FD7F-2B33-4280-A7C1-6926E6C594C2}.Debug|Any CPU.Build.0 = Debug|Any CPU
		{3714FD7F-2B33-4280-A7C1-6926E6C594C2}.Release|Any CPU.ActiveCfg = Release|Any CPU
		{3714FD7F-2B33-4280-A7C1-6926E6C594C2}.Release|Any CPU.Build.0 = Release|Any CPU
	EndGlobalSection
	GlobalSection(SolutionProperties) = preSolution
		HideSolutionNode = FALSE
	EndGlobalSection
EndGlobal
